
Microsoft Visual Studio Solution File, Format Version 12.00
# Visual Studio Version 16
VisualStudioVersion = 16.0.30309.148
MinimumVisualStudioVersion = 10.0.40219.1
Project("{FAE04EC0-301F-11D3-BF4B-00C04F79EFBC}") = "DoorControl", "DoorControl\DoorControl.csproj", "{778381DE-15C3-4B28-8944-F24977A3E599}"
EndProject
Global
	GlobalSection(SolutionConfigurationPlatforms) = preSolution
		Debug|Any CPU = Debug|Any CPU
		Release|Any CPU = Release|Any CPU
	EndGlobalSection
	GlobalSection(ProjectConfigurationPlatforms) = postSolution
		{778381DE-15C3-4B28-8944-F24977A3E599}.Debug|Any CPU.ActiveCfg = Debug|Any CPU
		{778381DE-15C3-4B28-8944-F24977A3E599}.Debug|Any CPU.Build.0 = Debug|Any CPU
		{778381DE-15C3-4B28-8944-F24977A3E599}.Release|Any CPU.ActiveCfg = Release|Any CPU
		{778381DE-15C3-4B28-8944-F24977A3E599}.Release|Any CPU.Build.0 = Release|Any CPU
	EndGlobalSection
	GlobalSection(SolutionProperties) = preSolution
		HideSolutionNode = FALSE
	EndGlobalSection
	GlobalSection(ExtensibilityGlobals) = postSolution
		SolutionGuid = {904BB1E7-31A4-49A4-BE7B-861D44080AFB}
	EndGlobalSection
EndGlobal
